<?xml version="1.0" encoding="utf-8"?>
<Project ToolsVersion="4.0" xmlns="http://schemas.microsoft.com/developer/msbuild/2003">
  <ItemGroup>
    <ClCompile Include="source\setup.cpp">
      <Filter>Source Files</Filter>
    </ClCompile>
    <ClCompile Include="source\utils.cpp">
      <Filter>Source Files</Filter>
    </ClCompile>
    <ClCompile Include="source\olepropframe.c">
      <Filter>Source Files</Filter>
    </ClCompile>
    <ClCompile Include="source\ccamfilter.cpp">
      <Filter>Source Files</Filter>
    </ClCompile>
    <ClCompile Include="source\ccampin.cpp">
      <Filter>Source Files</Filter>
    </ClCompile>
    <ClCompile Include="source\ccamprops.cpp">
      <Filter>Source Files</Filter>
    </ClCompile>
  </ItemGroup>
  <ItemGroup>
    <ClInclude Include="source\guids.h">
      <Filter>Header Files</Filter>
    </ClInclude>
    <ClInclude Include="source\utils.h">
      <Filter>Header Files</Filter>
    </ClInclude>
    <ClInclude Include="source\version.h">
      <Filter>Header Files</Filter>
    </ClInclude>
    <ClInclude Include="source\resource.h">
      <Filter>Header Files</Filter>
    </ClInclude>
    <ClInclude Include="source\ccamfilter.h">
      <Filter>Header Files</Filter>
    </ClInclude>
    <ClInclude Include="source\ccampin.h">
      <Filter>Header Files</Filter>
    </ClInclude>
    <ClInclude Include="source\ccamprops.h">
      <Filter>Header Files</Filter>
    </ClInclude>
  </ItemGroup>
  <ItemGroup>
    <Filter Include="Header Files">
      <UniqueIdentifier>{8cf9caa0-5bcc-4afe-9048-7726ec3ece55}</UniqueIdentifier>
    </Filter>
    <Filter Include="Resource Files">
      <UniqueIdentifier>{c383c9f6-bb56-4cf7-bb8c-a3cc0c69f26c}</UniqueIdentifier>
    </Filter>
    <Filter Include="Source Files">
      <UniqueIdentifier>{334fd2cc-e4a6-4600-987e-6aeeec9122e5}</UniqueIdentifier>
    </Filter>
  </ItemGroup>
  <ItemGroup>
    <ResourceCompile Include="source\version.rc">
      <Filter>Resource Files</Filter>
    </ResourceCompile>
    <ResourceCompile Include="source\ScreenCam.rc">
      <Filter>Resource Files</Filter>
    </ResourceCompile>
  </ItemGroup>
  <ItemGroup>
    <None Include="source\cam.def">
      <Filter>Source Files</Filter>
    </None>
  </ItemGroup>
</Project>